
Microsoft Visual Studio Solution File, Format Version 12.00
# Visual Studio Version 16
VisualStudioVersion = 16.0.31624.102
MinimumVisualStudioVersion = 10.0.40219.1
Project("{FAE04EC0-301F-11D3-BF4B-00C04F79EFBC}") = "OnTime", "OnTime\OnTime.csproj", "{00FF9454-2550-40C1-BAC0-48EE339B3377}"
EndProject
Global
	GlobalSection(SolutionConfigurationPlatforms) = preSolution
		Debug|Any CPU = Debug|Any CPU
		Release|Any CPU = Release|Any CPU
	EndGlobalSection
	GlobalSection(ProjectConfigurationPlatforms) = postSolution
		{00FF9454-2550-40C1-BAC0-48EE339B3377}.Debug|Any CPU.ActiveCfg = Debug|Any CPU
		{00FF9454-2550-40C1-BAC0-48EE339B3377}.Debug|Any CPU.Build.0 = Debug|Any CPU
		{00FF9454-2550-40C1-BAC0-48EE339B3377}.Release|Any CPU.ActiveCfg = Release|Any CPU
		{00FF9454-2550-40C1-BAC0-48EE339B3377}.Release|Any CPU.Build.0 = Release|Any CPU
	EndGlobalSection
	GlobalSection(SolutionProperties) = preSolution
		HideSolutionNode = FALSE
	EndGlobalSection
	GlobalSection(ExtensibilityGlobals) = postSolution
		SolutionGuid = {F09E1B11-4CF6-4B88-91EA-C810D9AC368D}
	EndGlobalSection
EndGlobal
